
Microsoft Visual Studio Solution File, Format Version 12.00
# Visual Studio 15
Project("{FAE04EC0-301F-11D3-BF4B-00C04F79EFBC}") = "Assembly-CSharp", "Assembly-CSharp.csproj", "{B73A9C9C-F369-B20B-0E5D-9DDF944BFF67}"
EndProject
Project("{FAE04EC0-301F-11D3-BF4B-00C04F79EFBC}") = "Assembly-CSharp-Editor", "Assembly-CSharp-Editor.csproj", "{7AE0CB1B-B229-361A-7FE7-49581883A1A4}"
EndProject
Global
	GlobalSection(SolutionConfigurationPlatforms) = preSolution
		Debug|Any CPU = Debug|Any CPU
		Release|Any CPU = Release|Any CPU
	EndGlobalSection
	GlobalSection(ProjectConfigurationPlatforms) = postSolution
		{B73A9C9C-F369-B20B-0E5D-9DDF944BFF67}.Debug|Any CPU.ActiveCfg = Debug|Any CPU
		{B73A9C9C-F369-B20B-0E5D-9DDF944BFF67}.Debug|Any CPU.Build.0 = Debug|Any CPU
		{B73A9C9C-F369-B20B-0E5D-9DDF944BFF67}.Release|Any CPU.ActiveCfg = Release|Any CPU
		{B73A9C9C-F369-B20B-0E5D-9DDF944BFF67}.Release|Any CPU.Build.0 = Release|Any CPU
		{7AE0CB1B-B229-361A-7FE7-49581883A1A4}.Debug|Any CPU.ActiveCfg = Debug|Any CPU
		{7AE0CB1B-B229-361A-7FE7-49581883A1A4}.Debug|Any CPU.Build.0 = Debug|Any CPU
		{7AE0CB1B-B229-361A-7FE7-49581883A1A4}.Release|Any CPU.ActiveCfg = Release|Any CPU
		{7AE0CB1B-B229-361A-7FE7-49581883A1A4}.Release|Any CPU.Build.0 = Release|Any CPU
	EndGlobalSection
	GlobalSection(SolutionProperties) = preSolution
		HideSolutionNode = FALSE
	EndGlobalSection
EndGlobal
