
Microsoft Visual Studio Solution File, Format Version 12.00
# Visual Studio 15
Project("{FAE04EC0-301F-11D3-BF4B-00C04F79EFBC}") = "Assembly-CSharp", "Assembly-CSharp.csproj", "{97EE86FB-F5E4-D677-2EE6-D084CD434A53}"
EndProject
Project("{FAE04EC0-301F-11D3-BF4B-00C04F79EFBC}") = "Assembly-CSharp-Editor", "Assembly-CSharp-Editor.csproj", "{DD8492B9-C84B-85D2-1EF4-36797F76C77D}"
EndProject
Global
	GlobalSection(SolutionConfigurationPlatforms) = preSolution
		Debug|Any CPU = Debug|Any CPU
		Release|Any CPU = Release|Any CPU
	EndGlobalSection
	GlobalSection(ProjectConfigurationPlatforms) = postSolution
		{97EE86FB-F5E4-D677-2EE6-D084CD434A53}.Debug|Any CPU.ActiveCfg = Debug|Any CPU
		{97EE86FB-F5E4-D677-2EE6-D084CD434A53}.Debug|Any CPU.Build.0 = Debug|Any CPU
		{97EE86FB-F5E4-D677-2EE6-D084CD434A53}.Release|Any CPU.ActiveCfg = Release|Any CPU
		{97EE86FB-F5E4-D677-2EE6-D084CD434A53}.Release|Any CPU.Build.0 = Release|Any CPU
		{DD8492B9-C84B-85D2-1EF4-36797F76C77D}.Debug|Any CPU.ActiveCfg = Debug|Any CPU
		{DD8492B9-C84B-85D2-1EF4-36797F76C77D}.Debug|Any CPU.Build.0 = Debug|Any CPU
		{DD8492B9-C84B-85D2-1EF4-36797F76C77D}.Release|Any CPU.ActiveCfg = Release|Any CPU
		{DD8492B9-C84B-85D2-1EF4-36797F76C77D}.Release|Any CPU.Build.0 = Release|Any CPU
	EndGlobalSection
	GlobalSection(SolutionProperties) = preSolution
		HideSolutionNode = FALSE
	EndGlobalSection
EndGlobal
